
Microsoft Visual Studio Solution File, Format Version 12.00
# Visual Studio Version 16
VisualStudioVersion = 16.0.28922.388
MinimumVisualStudioVersion = 10.0.40219.1
Project("{9A19103F-16F7-4668-BE54-9A1E7A4F7556}") = "MotorheadTest", "MotorheadTest\MotorheadTest.csproj", "{EFFEB796-C326-43C7-88A4-E75ABD26DB03}"
EndProject
Project("{FAE04EC0-301F-11D3-BF4B-00C04F79EFBC}") = "SerialCommunicator", "SerialCommunicator\SerialCommunicator.csproj", "{2A2DB3B3-3A03-4B56-8B16-D0E59AE98E51}"
EndProject
Global
	GlobalSection(SolutionConfigurationPlatforms) = preSolution
		Debug|Any CPU = Debug|Any CPU
		Release|Any CPU = Release|Any CPU
	EndGlobalSection
	GlobalSection(ProjectConfigurationPlatforms) = postSolution
		{EFFEB796-C326-43C7-88A4-E75ABD26DB03}.Debug|Any CPU.ActiveCfg = Debug|Any CPU
		{EFFEB796-C326-43C7-88A4-E75ABD26DB03}.Debug|Any CPU.Build.0 = Debug|Any CPU
		{EFFEB796-C326-43C7-88A4-E75ABD26DB03}.Release|Any CPU.ActiveCfg = Release|Any CPU
		{EFFEB796-C326-43C7-88A4-E75ABD26DB03}.Release|Any CPU.Build.0 = Release|Any CPU
		{2A2DB3B3-3A03-4B56-8B16-D0E59AE98E51}.Debug|Any CPU.ActiveCfg = Debug|Any CPU
		{2A2DB3B3-3A03-4B56-8B16-D0E59AE98E51}.Debug|Any CPU.Build.0 = Debug|Any CPU
		{2A2DB3B3-3A03-4B56-8B16-D0E59AE98E51}.Release|Any CPU.ActiveCfg = Release|Any CPU
		{2A2DB3B3-3A03-4B56-8B16-D0E59AE98E51}.Release|Any CPU.Build.0 = Release|Any CPU
	EndGlobalSection
	GlobalSection(SolutionProperties) = preSolution
		HideSolutionNode = FALSE
	EndGlobalSection
	GlobalSection(ExtensibilityGlobals) = postSolution
		SolutionGuid = {6448BCF7-401A-4390-A7A7-009AFDAF71BE}
	EndGlobalSection
EndGlobal
